
Microsoft Visual Studio Solution File, Format Version 12.00
# Visual Studio 15
VisualStudioVersion = 15.0.27428.2015
MinimumVisualStudioVersion = 10.0.40219.1
Project("{8BC9CEB8-8B4A-11D0-8D11-00A0C91BC942}") = "20180707_ImageTile_조수한", "20180707_ImageTile_조수한.vcxproj", "{FE360C86-CB87-489C-AF84-4E9F7B68CA25}"
EndProject
Global
	GlobalSection(SolutionConfigurationPlatforms) = preSolution
		Debug|x64 = Debug|x64
		Debug|x86 = Debug|x86
		Release|x64 = Release|x64
		Release|x86 = Release|x86
	EndGlobalSection
	GlobalSection(ProjectConfigurationPlatforms) = postSolution
		{FE360C86-CB87-489C-AF84-4E9F7B68CA25}.Debug|x64.ActiveCfg = Debug|x64
		{FE360C86-CB87-489C-AF84-4E9F7B68CA25}.Debug|x64.Build.0 = Debug|x64
		{FE360C86-CB87-489C-AF84-4E9F7B68CA25}.Debug|x86.ActiveCfg = Debug|Win32
		{FE360C86-CB87-489C-AF84-4E9F7B68CA25}.Debug|x86.Build.0 = Debug|Win32
		{FE360C86-CB87-489C-AF84-4E9F7B68CA25}.Release|x64.ActiveCfg = Release|x64
		{FE360C86-CB87-489C-AF84-4E9F7B68CA25}.Release|x64.Build.0 = Release|x64
		{FE360C86-CB87-489C-AF84-4E9F7B68CA25}.Release|x86.ActiveCfg = Release|Win32
		{FE360C86-CB87-489C-AF84-4E9F7B68CA25}.Release|x86.Build.0 = Release|Win32
	EndGlobalSection
	GlobalSection(SolutionProperties) = preSolution
		HideSolutionNode = FALSE
	EndGlobalSection
	GlobalSection(ExtensibilityGlobals) = postSolution
		SolutionGuid = {65E37CFE-4A41-4711-8593-C775BC91DB62}
	EndGlobalSection
EndGlobal
